
Microsoft Visual Studio Solution File, Format Version 12.00
# Visual Studio Version 17
VisualStudioVersion = 17.4.33213.308
MinimumVisualStudioVersion = 10.0.40219.1
Project("{FAE04EC0-301F-11D3-BF4B-00C04F79EFBC}") = "Aula08estoque", "Aula08estoque\Aula08estoque.csproj", "{C1F4B0F8-07AD-4B3C-9240-FF95F2161471}"
EndProject
Global
	GlobalSection(SolutionConfigurationPlatforms) = preSolution
		Debug|Any CPU = Debug|Any CPU
		Release|Any CPU = Release|Any CPU
	EndGlobalSection
	GlobalSection(ProjectConfigurationPlatforms) = postSolution
		{C1F4B0F8-07AD-4B3C-9240-FF95F2161471}.Debug|Any CPU.ActiveCfg = Debug|Any CPU
		{C1F4B0F8-07AD-4B3C-9240-FF95F2161471}.Debug|Any CPU.Build.0 = Debug|Any CPU
		{C1F4B0F8-07AD-4B3C-9240-FF95F2161471}.Release|Any CPU.ActiveCfg = Release|Any CPU
		{C1F4B0F8-07AD-4B3C-9240-FF95F2161471}.Release|Any CPU.Build.0 = Release|Any CPU
	EndGlobalSection
	GlobalSection(SolutionProperties) = preSolution
		HideSolutionNode = FALSE
	EndGlobalSection
	GlobalSection(ExtensibilityGlobals) = postSolution
		SolutionGuid = {9928183B-A50F-4541-9D69-AAF3B7BD2106}
	EndGlobalSection
EndGlobal
